
Microsoft Visual Studio Solution File, Format Version 12.00
# Visual Studio Version 17
VisualStudioVersion = 17.2.32630.192
MinimumVisualStudioVersion = 10.0.40219.1
Project("{9A19103F-16F7-4668-BE54-9A1E7A4F7556}") = "D8S.Z0007.Construction", "D8S.Z0007.Construction\D8S.Z0007.Construction.csproj", "{6A77AD21-7D7A-464E-AE33-DF1906FC6675}"
EndProject
Project("{9A19103F-16F7-4668-BE54-9A1E7A4F7556}") = "D8S.Z0007", "D8S.Z0007\D8S.Z0007.csproj", "{2F61FF11-2EF9-40DC-B51B-82F2A8BDE83B}"
EndProject
Project("{2150E333-8FDC-42A3-9474-1A3956D46DE8}") = "_Dependencies", "_Dependencies", "{BFA2490B-198A-4369-AC7C-61892395AB5F}"
EndProject
Project("{9A19103F-16F7-4668-BE54-9A1E7A4F7556}") = "R5T.T0143", "..\..\..\SafetyCone\R5T.T0143\source\R5T.T0143\R5T.T0143.csproj", "{5761F3EB-099F-435F-9B28-658923879E14}"
EndProject
Project("{9A19103F-16F7-4668-BE54-9A1E7A4F7556}") = "R5T.T0150", "..\..\..\SafetyCone\R5T.T0150\source\R5T.T0150\R5T.T0150.csproj", "{8063E6B1-009D-4F4A-B2A4-F6909D4D9F35}"
EndProject
Project("{9A19103F-16F7-4668-BE54-9A1E7A4F7556}") = "R5T.T0151", "..\..\..\SafetyCone\R5T.T0151\source\R5T.T0151\R5T.T0151.csproj", "{516DC7E9-E9E0-428B-9543-854C5596CD28}"
EndProject
Project("{9A19103F-16F7-4668-BE54-9A1E7A4F7556}") = "R5T.T0163", "..\..\..\SafetyCone\R5T.T0163\source\R5T.T0163\R5T.T0163.csproj", "{90E0DE52-266A-4B8D-AD5A-867585714E08}"
EndProject
Project("{9A19103F-16F7-4668-BE54-9A1E7A4F7556}") = "R5T.T0131", "..\..\..\SafetyCone\R5T.T0131\source\R5T.T0131\R5T.T0131.csproj", "{B404BC92-5E91-416C-B44F-020A749677B1}"
EndProject
Global
	GlobalSection(NestedProjects) = preSolution
		{5761F3EB-099F-435F-9B28-658923879E14} = {BFA2490B-198A-4369-AC7C-61892395AB5F}
		{8063E6B1-009D-4F4A-B2A4-F6909D4D9F35} = {BFA2490B-198A-4369-AC7C-61892395AB5F}
		{516DC7E9-E9E0-428B-9543-854C5596CD28} = {BFA2490B-198A-4369-AC7C-61892395AB5F}
		{90E0DE52-266A-4B8D-AD5A-867585714E08} = {BFA2490B-198A-4369-AC7C-61892395AB5F}
		{B404BC92-5E91-416C-B44F-020A749677B1} = {BFA2490B-198A-4369-AC7C-61892395AB5F}
	EndGlobalSection
	GlobalSection(SolutionConfigurationPlatforms) = preSolution
		Debug|Any CPU = Debug|Any CPU
		Release|Any CPU = Release|Any CPU
	EndGlobalSection
	GlobalSection(ProjectConfigurationPlatforms) = postSolution
		{6A77AD21-7D7A-464E-AE33-DF1906FC6675}.Debug|Any CPU.ActiveCfg = Debug|Any CPU
		{6A77AD21-7D7A-464E-AE33-DF1906FC6675}.Debug|Any CPU.Build.0 = Debug|Any CPU
		{6A77AD21-7D7A-464E-AE33-DF1906FC6675}.Release|Any CPU.ActiveCfg = Release|Any CPU
		{6A77AD21-7D7A-464E-AE33-DF1906FC6675}.Release|Any CPU.Build.0 = Release|Any CPU
		{2F61FF11-2EF9-40DC-B51B-82F2A8BDE83B}.Debug|Any CPU.ActiveCfg = Debug|Any CPU
		{2F61FF11-2EF9-40DC-B51B-82F2A8BDE83B}.Debug|Any CPU.Build.0 = Debug|Any CPU
		{2F61FF11-2EF9-40DC-B51B-82F2A8BDE83B}.Release|Any CPU.ActiveCfg = Release|Any CPU
		{2F61FF11-2EF9-40DC-B51B-82F2A8BDE83B}.Release|Any CPU.Build.0 = Release|Any CPU
		{5761F3EB-099F-435F-9B28-658923879E14}.Debug|Any CPU.ActiveCfg = Debug|Any CPU
		{5761F3EB-099F-435F-9B28-658923879E14}.Debug|Any CPU.Build.0 = Debug|Any CPU
		{5761F3EB-099F-435F-9B28-658923879E14}.Release|Any CPU.ActiveCfg = Release|Any CPU
		{5761F3EB-099F-435F-9B28-658923879E14}.Release|Any CPU.Build.0 = Release|Any CPU
		{8063E6B1-009D-4F4A-B2A4-F6909D4D9F35}.Debug|Any CPU.ActiveCfg = Debug|Any CPU
		{8063E6B1-009D-4F4A-B2A4-F6909D4D9F35}.Debug|Any CPU.Build.0 = Debug|Any CPU
		{8063E6B1-009D-4F4A-B2A4-F6909D4D9F35}.Release|Any CPU.ActiveCfg = Release|Any CPU
		{8063E6B1-009D-4F4A-B2A4-F6909D4D9F35}.Release|Any CPU.Build.0 = Release|Any CPU
		{516DC7E9-E9E0-428B-9543-854C5596CD28}.Debug|Any CPU.ActiveCfg = Debug|Any CPU
		{516DC7E9-E9E0-428B-9543-854C5596CD28}.Debug|Any CPU.Build.0 = Debug|Any CPU
		{516DC7E9-E9E0-428B-9543-854C5596CD28}.Release|Any CPU.ActiveCfg = Release|Any CPU
		{516DC7E9-E9E0-428B-9543-854C5596CD28}.Release|Any CPU.Build.0 = Release|Any CPU
		{90E0DE52-266A-4B8D-AD5A-867585714E08}.Debug|Any CPU.ActiveCfg = Debug|Any CPU
		{90E0DE52-266A-4B8D-AD5A-867585714E08}.Debug|Any CPU.Build.0 = Debug|Any CPU
		{90E0DE52-266A-4B8D-AD5A-867585714E08}.Release|Any CPU.ActiveCfg = Release|Any CPU
		{90E0DE52-266A-4B8D-AD5A-867585714E08}.Release|Any CPU.Build.0 = Release|Any CPU
		{B404BC92-5E91-416C-B44F-020A749677B1}.Debug|Any CPU.ActiveCfg = Debug|Any CPU
		{B404BC92-5E91-416C-B44F-020A749677B1}.Debug|Any CPU.Build.0 = Debug|Any CPU
		{B404BC92-5E91-416C-B44F-020A749677B1}.Release|Any CPU.ActiveCfg = Release|Any CPU
		{B404BC92-5E91-416C-B44F-020A749677B1}.Release|Any CPU.Build.0 = Release|Any CPU
	EndGlobalSection
	GlobalSection(SolutionProperties) = preSolution
		HideSolutionNode = FALSE
	EndGlobalSection
	GlobalSection(ExtensibilityGlobals) = postSolution
		SolutionGuid = {F5201BD3-6693-4CD8-875D-641E4B36FB9D}
	EndGlobalSection
EndGlobal
