
Microsoft Visual Studio Solution File, Format Version 12.00
# Visual Studio Version 17
VisualStudioVersion = 17.2.32630.192
MinimumVisualStudioVersion = 10.0.40219.1
Project("{9A19103F-16F7-4668-BE54-9A1E7A4F7556}") = "D8S.Z0007", "D8S.Z0007\D8S.Z0007.csproj", "{B07E418B-47AB-41D7-86D0-71AD4588F54B}"
EndProject
Project("{2150E333-8FDC-42A3-9474-1A3956D46DE8}") = "_Dependencies", "_Dependencies", "{B51EF95F-C8FB-4F82-A7A7-D1AA68E33190}"
EndProject
Project("{9A19103F-16F7-4668-BE54-9A1E7A4F7556}") = "R5T.T0143", "..\..\..\SafetyCone\R5T.T0143\source\R5T.T0143\R5T.T0143.csproj", "{D60E64A7-D24F-4C7E-9E76-803306701899}"
EndProject
Project("{9A19103F-16F7-4668-BE54-9A1E7A4F7556}") = "R5T.T0150", "..\..\..\SafetyCone\R5T.T0150\source\R5T.T0150\R5T.T0150.csproj", "{23B21208-5347-48BC-8E64-87AECDDE4D77}"
EndProject
Project("{9A19103F-16F7-4668-BE54-9A1E7A4F7556}") = "R5T.T0151", "..\..\..\SafetyCone\R5T.T0151\source\R5T.T0151\R5T.T0151.csproj", "{6E23CA28-986A-47EE-941E-5C3A262DAA14}"
EndProject
Project("{9A19103F-16F7-4668-BE54-9A1E7A4F7556}") = "R5T.T0163", "..\..\..\SafetyCone\R5T.T0163\source\R5T.T0163\R5T.T0163.csproj", "{F0D1C7E0-EA89-49EB-ABAF-D3752746D860}"
EndProject
Project("{9A19103F-16F7-4668-BE54-9A1E7A4F7556}") = "R5T.T0131", "..\..\..\SafetyCone\R5T.T0131\source\R5T.T0131\R5T.T0131.csproj", "{E776C29B-6C43-429B-BCB9-D3D3CDE488DA}"
EndProject
Project("{9A19103F-16F7-4668-BE54-9A1E7A4F7556}") = "R5T.T0165", "..\..\..\SafetyCone\R5T.T0165\source\R5T.T0165\R5T.T0165.csproj", "{50E13232-7D53-451C-9CA5-0ACEE6AFD78A}"
EndProject
Global
	GlobalSection(SolutionConfigurationPlatforms) = preSolution
		Debug|Any CPU = Debug|Any CPU
		Release|Any CPU = Release|Any CPU
	EndGlobalSection
	GlobalSection(ProjectConfigurationPlatforms) = postSolution
		{B07E418B-47AB-41D7-86D0-71AD4588F54B}.Debug|Any CPU.ActiveCfg = Debug|Any CPU
		{B07E418B-47AB-41D7-86D0-71AD4588F54B}.Debug|Any CPU.Build.0 = Debug|Any CPU
		{B07E418B-47AB-41D7-86D0-71AD4588F54B}.Release|Any CPU.ActiveCfg = Release|Any CPU
		{B07E418B-47AB-41D7-86D0-71AD4588F54B}.Release|Any CPU.Build.0 = Release|Any CPU
		{D60E64A7-D24F-4C7E-9E76-803306701899}.Debug|Any CPU.ActiveCfg = Debug|Any CPU
		{D60E64A7-D24F-4C7E-9E76-803306701899}.Debug|Any CPU.Build.0 = Debug|Any CPU
		{D60E64A7-D24F-4C7E-9E76-803306701899}.Release|Any CPU.ActiveCfg = Release|Any CPU
		{D60E64A7-D24F-4C7E-9E76-803306701899}.Release|Any CPU.Build.0 = Release|Any CPU
		{23B21208-5347-48BC-8E64-87AECDDE4D77}.Debug|Any CPU.ActiveCfg = Debug|Any CPU
		{23B21208-5347-48BC-8E64-87AECDDE4D77}.Debug|Any CPU.Build.0 = Debug|Any CPU
		{23B21208-5347-48BC-8E64-87AECDDE4D77}.Release|Any CPU.ActiveCfg = Release|Any CPU
		{23B21208-5347-48BC-8E64-87AECDDE4D77}.Release|Any CPU.Build.0 = Release|Any CPU
		{6E23CA28-986A-47EE-941E-5C3A262DAA14}.Debug|Any CPU.ActiveCfg = Debug|Any CPU
		{6E23CA28-986A-47EE-941E-5C3A262DAA14}.Debug|Any CPU.Build.0 = Debug|Any CPU
		{6E23CA28-986A-47EE-941E-5C3A262DAA14}.Release|Any CPU.ActiveCfg = Release|Any CPU
		{6E23CA28-986A-47EE-941E-5C3A262DAA14}.Release|Any CPU.Build.0 = Release|Any CPU
		{F0D1C7E0-EA89-49EB-ABAF-D3752746D860}.Debug|Any CPU.ActiveCfg = Debug|Any CPU
		{F0D1C7E0-EA89-49EB-ABAF-D3752746D860}.Debug|Any CPU.Build.0 = Debug|Any CPU
		{F0D1C7E0-EA89-49EB-ABAF-D3752746D860}.Release|Any CPU.ActiveCfg = Release|Any CPU
		{F0D1C7E0-EA89-49EB-ABAF-D3752746D860}.Release|Any CPU.Build.0 = Release|Any CPU
		{E776C29B-6C43-429B-BCB9-D3D3CDE488DA}.Debug|Any CPU.ActiveCfg = Debug|Any CPU
		{E776C29B-6C43-429B-BCB9-D3D3CDE488DA}.Debug|Any CPU.Build.0 = Debug|Any CPU
		{E776C29B-6C43-429B-BCB9-D3D3CDE488DA}.Release|Any CPU.ActiveCfg = Release|Any CPU
		{E776C29B-6C43-429B-BCB9-D3D3CDE488DA}.Release|Any CPU.Build.0 = Release|Any CPU
		{50E13232-7D53-451C-9CA5-0ACEE6AFD78A}.Debug|Any CPU.ActiveCfg = Debug|Any CPU
		{50E13232-7D53-451C-9CA5-0ACEE6AFD78A}.Debug|Any CPU.Build.0 = Debug|Any CPU
		{50E13232-7D53-451C-9CA5-0ACEE6AFD78A}.Release|Any CPU.ActiveCfg = Release|Any CPU
		{50E13232-7D53-451C-9CA5-0ACEE6AFD78A}.Release|Any CPU.Build.0 = Release|Any CPU
	EndGlobalSection
	GlobalSection(SolutionProperties) = preSolution
		HideSolutionNode = FALSE
	EndGlobalSection
	GlobalSection(NestedProjects) = preSolution
		{D60E64A7-D24F-4C7E-9E76-803306701899} = {B51EF95F-C8FB-4F82-A7A7-D1AA68E33190}
		{23B21208-5347-48BC-8E64-87AECDDE4D77} = {B51EF95F-C8FB-4F82-A7A7-D1AA68E33190}
		{6E23CA28-986A-47EE-941E-5C3A262DAA14} = {B51EF95F-C8FB-4F82-A7A7-D1AA68E33190}
		{F0D1C7E0-EA89-49EB-ABAF-D3752746D860} = {B51EF95F-C8FB-4F82-A7A7-D1AA68E33190}
		{E776C29B-6C43-429B-BCB9-D3D3CDE488DA} = {B51EF95F-C8FB-4F82-A7A7-D1AA68E33190}
		{50E13232-7D53-451C-9CA5-0ACEE6AFD78A} = {B51EF95F-C8FB-4F82-A7A7-D1AA68E33190}
	EndGlobalSection
	GlobalSection(ExtensibilityGlobals) = postSolution
		SolutionGuid = {EC0AAA4A-3B36-4792-8A2A-EA02B44EEDBC}
	EndGlobalSection
EndGlobal
